
Microsoft Visual Studio Solution File, Format Version 12.00
# Visual Studio 15
VisualStudioVersion = 15.0.27703.2026
MinimumVisualStudioVersion = 10.0.40219.1
Project("{FAE04EC0-301F-11D3-BF4B-00C04F79EFBC}") = "CeriQ.Svea.Checkout", "src\CeriQ.Svea.Checkout\CeriQ.Svea.Checkout.csproj", "{02480118-808D-4047-A8BB-11782B056DE8}"
EndProject
Project("{FAE04EC0-301F-11D3-BF4B-00C04F79EFBC}") = "CeriQ.Svea.Checkout.Tests", "src\CeriQ.Svea.Checkout.Tests\CeriQ.Svea.Checkout.Tests.csproj", "{E53ADDCF-C665-4B8A-AAD9-57DE849A973D}"
EndProject
Project("{FAE04EC0-301F-11D3-BF4B-00C04F79EFBC}") = "Ceriq.Svea.Checkout.Tests.471", "src\Ceriq.Svea.Checkout.Tests.471\Ceriq.Svea.Checkout.Tests.471.csproj", "{C1663C69-5A17-41CC-B58D-EA339DBECBDE}"
EndProject
Global
	GlobalSection(SolutionConfigurationPlatforms) = preSolution
		Debug|Any CPU = Debug|Any CPU
		Release|Any CPU = Release|Any CPU
	EndGlobalSection
	GlobalSection(ProjectConfigurationPlatforms) = postSolution
		{02480118-808D-4047-A8BB-11782B056DE8}.Debug|Any CPU.ActiveCfg = Debug|Any CPU
		{02480118-808D-4047-A8BB-11782B056DE8}.Debug|Any CPU.Build.0 = Debug|Any CPU
		{02480118-808D-4047-A8BB-11782B056DE8}.Release|Any CPU.ActiveCfg = Release|Any CPU
		{02480118-808D-4047-A8BB-11782B056DE8}.Release|Any CPU.Build.0 = Release|Any CPU
		{E53ADDCF-C665-4B8A-AAD9-57DE849A973D}.Debug|Any CPU.ActiveCfg = Debug|Any CPU
		{E53ADDCF-C665-4B8A-AAD9-57DE849A973D}.Debug|Any CPU.Build.0 = Debug|Any CPU
		{E53ADDCF-C665-4B8A-AAD9-57DE849A973D}.Release|Any CPU.ActiveCfg = Release|Any CPU
		{E53ADDCF-C665-4B8A-AAD9-57DE849A973D}.Release|Any CPU.Build.0 = Release|Any CPU
		{C1663C69-5A17-41CC-B58D-EA339DBECBDE}.Debug|Any CPU.ActiveCfg = Debug|Any CPU
		{C1663C69-5A17-41CC-B58D-EA339DBECBDE}.Debug|Any CPU.Build.0 = Debug|Any CPU
		{C1663C69-5A17-41CC-B58D-EA339DBECBDE}.Release|Any CPU.ActiveCfg = Release|Any CPU
		{C1663C69-5A17-41CC-B58D-EA339DBECBDE}.Release|Any CPU.Build.0 = Release|Any CPU
	EndGlobalSection
	GlobalSection(SolutionProperties) = preSolution
		HideSolutionNode = FALSE
	EndGlobalSection
	GlobalSection(ExtensibilityGlobals) = postSolution
		SolutionGuid = {92D6EC02-7878-4809-803E-995501A16106}
	EndGlobalSection
EndGlobal
